// !$*UTF8*$!
{
	archiveVersion = 1;
	classes = {
	};
	objectVersion = 50;
	objects = {

/* Begin PBXBuildFile section */
		7A8F0D11208F5C0A0091BB5A /* CategoryCell.swift in Sources */ = {isa = PBXBuildFile; fileRef = 7A8F0D10208F5C0A0091BB5A /* CategoryCell.swift */; };
		7A8F0D13208F6D540091BB5A /* Category.swift in Sources */ = {isa = PBXBuildFile; fileRef = 7A8F0D12208F6D540091BB5A /* Category.swift */; };
		7A8F0D16208F725F0091BB5A /* DataService.swift in Sources */ = {isa = PBXBuildFile; fileRef = 7A8F0D15208F725F0091BB5A /* DataService.swift */; };
		7AB1AE07208E80C300CB3A76 /* AppDelegate.swift in Sources */ = {isa = PBXBuildFile; fileRef = 7AB1AE06208E80C300CB3A76 /* AppDelegate.swift */; };
		7AB1AE09208E80C300CB3A76 /* CategoriesViewController.swift in Sources */ = {isa = PBXBuildFile; fileRef = 7AB1AE08208E80C300CB3A76 /* CategoriesViewController.swift */; };
		7AB1AE0C208E80C300CB3A76 /* Main.storyboard in Resources */ = {isa = PBXBuildFile; fileRef = 7AB1AE0A208E80C300CB3A76 /* Main.storyboard */; };
		7AB1AE0E208E80C500CB3A76 /* Assets.xcassets in Resources */ = {isa = PBXBuildFile; fileRef = 7AB1AE0D208E80C500CB3A76 /* Assets.xcassets */; };
		7AB1AE11208E80C500CB3A76 /* LaunchScreen.storyboard in Resources */ = {isa = PBXBuildFile; fileRef = 7AB1AE0F208E80C500CB3A76 /* LaunchScreen.storyboard */; };
/* End PBXBuildFile section */

/* Begin PBXFileReference section */
		7A8F0D10208F5C0A0091BB5A /* CategoryCell.swift */ = {isa = PBXFileReference; lastKnownFileType = sourcecode.swift; path = CategoryCell.swift; sourceTree = "<group>"; };
		7A8F0D12208F6D540091BB5A /* Category.swift */ = {isa = PBXFileReference; lastKnownFileType = sourcecode.swift; path = Category.swift; sourceTree = "<group>"; };
		7A8F0D15208F725F0091BB5A /* DataService.swift */ = {isa = PBXFileReference; lastKnownFileType = sourcecode.swift; path = DataService.swift; sourceTree = "<group>"; };
		7AB1AE03208E80C300CB3A76 /* tables and data.app */ = {isa = PBXFileReference; explicitFileType = wrapper.application; includeInIndex = 0; path = "tables and data.app"; sourceTree = BUILT_PRODUCTS_DIR; };
		7AB1AE06208E80C300CB3A76 /* AppDelegate.swift */ = {isa = PBXFileReference; lastKnownFileType = sourcecode.swift; path = AppDelegate.swift; sourceTree = "<group>"; };
		7AB1AE08208E80C300CB3A76 /* CategoriesViewController.swift */ = {isa = PBXFileReference; lastKnownFileType = sourcecode.swift; path = CategoriesViewController.swift; sourceTree = "<group>"; };
		7AB1AE0B208E80C300CB3A76 /* Base */ = {isa = PBXFileReference; lastKnownFileType = file.storyboard; name = Base; path = Base.lproj/Main.storyboard; sourceTree = "<group>"; };
		7AB1AE0D208E80C500CB3A76 /* Assets.xcassets */ = {isa = PBXFileReference; lastKnownFileType = folder.assetcatalog; path = Assets.xcassets; sourceTree = "<group>"; };
		7AB1AE10208E80C500CB3A76 /* Base */ = {isa = PBXFileReference; lastKnownFileType = file.storyboard; name = Base; path = Base.lproj/LaunchScreen.storyboard; sourceTree = "<group>"; };
		7AB1AE12208E80C500CB3A76 /* Info.plist */ = {isa = PBXFileReference; lastKnownFileType = text.plist.xml; path = Info.plist; sourceTree = "<group>"; };
/* End PBXFileReference section */

/* Begin PBXFrameworksBuildPhase section */
		7AB1AE00208E80C300CB3A76 /* Frameworks */ = {
			isa = PBXFrameworksBuildPhase;
			buildActionMask = 2147483647;
			files = (
			);
			runOnlyForDeploymentPostprocessing = 0;
		};
/* End PBXFrameworksBuildPhase section */

/* Begin PBXGroup section */
		7A8F0D0D208F5B8A0091BB5A /* Controller */ = {
			isa = PBXGroup;
			children = (
				7AB1AE08208E80C300CB3A76 /* CategoriesViewController.swift */,
			);
			path = Controller;
			sourceTree = "<group>";
		};
		7A8F0D0E208F5B970091BB5A /* Model */ = {
			isa = PBXGroup;
			children = (
				7A8F0D12208F6D540091BB5A /* Category.swift */,
			);
			path = Model;
			sourceTree = "<group>";
		};
		7A8F0D0F208F5B9E0091BB5A /* View */ = {
			isa = PBXGroup;
			children = (
				7A8F0D10208F5C0A0091BB5A /* CategoryCell.swift */,
			);
			path = View;
			sourceTree = "<group>";
		};
		7A8F0D14208F724F0091BB5A /* Services */ = {
			isa = PBXGroup;
			children = (
				7A8F0D15208F725F0091BB5A /* DataService.swift */,
			);
			path = Services;
			sourceTree = "<group>";
		};
		7AB1ADFA208E80C200CB3A76 = {
			isa = PBXGroup;
			children = (
				7AB1AE05208E80C300CB3A76 /* tables and data */,
				7AB1AE04208E80C300CB3A76 /* Products */,
			);
			sourceTree = "<group>";
		};
		7AB1AE04208E80C300CB3A76 /* Products */ = {
			isa = PBXGroup;
			children = (
				7AB1AE03208E80C300CB3A76 /* tables and data.app */,
			);
			name = Products;
			sourceTree = "<group>";
		};
		7AB1AE05208E80C300CB3A76 /* tables and data */ = {
			isa = PBXGroup;
			children = (
				7A8F0D14208F724F0091BB5A /* Services */,
				7A8F0D0F208F5B9E0091BB5A /* View */,
				7A8F0D0E208F5B970091BB5A /* Model */,
				7A8F0D0D208F5B8A0091BB5A /* Controller */,
				7AB1AE06208E80C300CB3A76 /* AppDelegate.swift */,
				7AB1AE0A208E80C300CB3A76 /* Main.storyboard */,
				7AB1AE0D208E80C500CB3A76 /* Assets.xcassets */,
				7AB1AE0F208E80C500CB3A76 /* LaunchScreen.storyboard */,
				7AB1AE12208E80C500CB3A76 /* Info.plist */,
			);
			path = "tables and data";
			sourceTree = "<group>";
		};
/* End PBXGroup section */

/* Begin PBXNativeTarget section */
		7AB1AE02208E80C300CB3A76 /* tables and data */ = {
			isa = PBXNativeTarget;
			buildConfigurationList = 7AB1AE15208E80C500CB3A76 /* Build configuration list for PBXNativeTarget "tables and data" */;
			buildPhases = (
				7AB1ADFF208E80C300CB3A76 /* Sources */,
				7AB1AE00208E80C300CB3A76 /* Frameworks */,
				7AB1AE01208E80C300CB3A76 /* Resources */,
			);
			buildRules = (
			);
			dependencies = (
			);
			name = "tables and data";
			productName = "tables and data";
			productReference = 7AB1AE03208E80C300CB3A76 /* tables and data.app */;
			productType = "com.apple.product-type.application";
		};
/* End PBXNativeTarget section */

/* Begin PBXProject section */
		7AB1ADFB208E80C200CB3A76 /* Project object */ = {
			isa = PBXProject;
			attributes = {
				LastSwiftUpdateCheck = 0930;
				LastUpgradeCheck = 0930;
				ORGANIZATIONNAME = Robat;
				TargetAttributes = {
					7AB1AE02208E80C300CB3A76 = {
						CreatedOnToolsVersion = 9.3;
					};
				};
			};
			buildConfigurationList = 7AB1ADFE208E80C200CB3A76 /* Build configuration list for PBXProject "tables and data" */;
			compatibilityVersion = "Xcode 9.3";
			developmentRegion = en;
			hasScannedForEncodings = 0;
			knownRegions = (
				en,
				Base,
			);
			mainGroup = 7AB1ADFA208E80C200CB3A76;
			productRefGroup = 7AB1AE04208E80C300CB3A76 /* Products */;
			projectDirPath = "";
			projectRoot = "";
			targets = (
				7AB1AE02208E80C300CB3A76 /* tables and data */,
			);
		};
/* End PBXProject section */

/* Begin PBXResourcesBuildPhase section */
		7AB1AE01208E80C300CB3A76 /* Resources */ = {
			isa = PBXResourcesBuildPhase;
			buildActionMask = 2147483647;
			files = (
				7AB1AE11208E80C500CB3A76 /* LaunchScreen.storyboard in Resources */,
				7AB1AE0E208E80C500CB3A76 /* Assets.xcassets in Resources */,
				7AB1AE0C208E80C300CB3A76 /* Main.storyboard in Resources */,
			);
			runOnlyForDeploymentPostprocessing = 0;
		};
/* End PBXResourcesBuildPhase section */

/* Begin PBXSourcesBuildPhase section */
		7AB1ADFF208E80C300CB3A76 /* Sources */ = {
			isa = PBXSourcesBuildPhase;
			buildActionMask = 2147483647;
			files = (
				7AB1AE09208E80C300CB3A76 /* CategoriesViewController.swift in Sources */,
				7AB1AE07208E80C300CB3A76 /* AppDelegate.swift in Sources */,
				7A8F0D11208F5C0A0091BB5A /* CategoryCell.swift in Sources */,
				7A8F0D13208F6D540091BB5A /* Category.swift in Sources */,
				7A8F0D16208F725F0091BB5A /* DataService.swift in Sources */,
			);
			runOnlyForDeploymentPostprocessing = 0;
		};
/* End PBXSourcesBuildPhase section */

/* Begin PBXVariantGroup section */
		7AB1AE0A208E80C300CB3A76 /* Main.storyboard */ = {
			isa = PBXVariantGroup;
			children = (
				7AB1AE0B208E80C300CB3A76 /* Base */,
			);
			name = Main.storyboard;
			sourceTree = "<group>";
		};
		7AB1AE0F208E80C500CB3A76 /* LaunchScreen.storyboard */ = {
			isa = PBXVariantGroup;
			children = (
				7AB1AE10208E80C500CB3A76 /* Base */,
			);
			name = LaunchScreen.storyboard;
			sourceTree = "<group>";
		};
/* End PBXVariantGroup section */

/* Begin XCBuildConfiguration section */
		7AB1AE13208E80C500CB3A76 /* Debug */ = {
			isa = XCBuildConfiguration;
			buildSettings = {
				ALWAYS_SEARCH_USER_PATHS = NO;
				CLANG_ANALYZER_NONNULL = YES;
				CLANG_ANALYZER_NUMBER_OBJECT_CONVERSION = YES_AGGRESSIVE;
				CLANG_CXX_LANGUAGE_STANDARD = "gnu++14";
				CLANG_CXX_LIBRARY = "libc++";
				CLANG_ENABLE_MODULES = YES;
				CLANG_ENABLE_OBJC_ARC = YES;
				CLANG_ENABLE_OBJC_WEAK = YES;
				CLANG_WARN_BLOCK_CAPTURE_AUTORELEASING = YES;
				CLANG_WARN_BOOL_CONVERSION = YES;
				CLANG_WARN_COMMA = YES;
				CLANG_WARN_CONSTANT_CONVERSION = YES;
				CLANG_WARN_DEPRECATED_OBJC_IMPLEMENTATIONS = YES;
				CLANG_WARN_DIRECT_OBJC_ISA_USAGE = YES_ERROR;
				CLANG_WARN_DOCUMENTATION_COMMENTS = YES;
				CLANG_WARN_EMPTY_BODY = YES;
				CLANG_WARN_ENUM_CONVERSION = YES;
				CLANG_WARN_INFINITE_RECURSION = YES;
				CLANG_WARN_INT_CONVERSION = YES;
				CLANG_WARN_NON_LITERAL_NULL_CONVERSION = YES;
				CLANG_WARN_OBJC_IMPLICIT_RETAIN_SELF = YES;
				CLANG_WARN_OBJC_LITERAL_CONVERSION = YES;
				CLANG_WARN_OBJC_ROOT_CLASS = YES_ERROR;
				CLANG_WARN_RANGE_LOOP_ANALYSIS = YES;
				CLANG_WARN_STRICT_PROTOTYPES = YES;
				CLANG_WARN_SUSPICIOUS_MOVE = YES;
				CLANG_WARN_UNGUARDED_AVAILABILITY = YES_AGGRESSIVE;
				CLANG_WARN_UNREACHABLE_CODE = YES;
				CLANG_WARN__DUPLICATE_METHOD_MATCH = YES;
				CODE_SIGN_IDENTITY = "iPhone Developer";
				COPY_PHASE_STRIP = NO;
				DEBUG_INFORMATION_FORMAT = dwarf;
				ENABLE_STRICT_OBJC_MSGSEND = YES;
				ENABLE_TESTABILITY = YES;
				GCC_C_LANGUAGE_STANDARD = gnu11;
				GCC_DYNAMIC_NO_PIC = NO;
				GCC_NO_COMMON_BLOCKS = YES;
				GCC_OPTIMIZATION_LEVEL = 0;
				GCC_PREPROCESSOR_DEFINITIONS = (
					"DEBUG=1",
					"$(inherited)",
				);
				GCC_WARN_64_TO_32_BIT_CONVERSION = YES;
				GCC_WARN_ABOUT_RETURN_TYPE = YES_ERROR;
				GCC_WARN_UNDECLARED_SELECTOR = YES;
				GCC_WARN_UNINITIALIZED_AUTOS = YES_AGGRESSIVE;
				GCC_WARN_UNUSED_FUNCTION = YES;
				GCC_WARN_UNUSED_VARIABLE = YES;
				IPHONEOS_DEPLOYMENT_TARGET = 11.3;
				MTL_ENABLE_DEBUG_INFO = YES;
				ONLY_ACTIVE_ARCH = YES;
				SDKROOT = iphoneos;
				SWIFT_ACTIVE_COMPILATION_CONDITIONS = DEBUG;
				SWIFT_OPTIMIZATION_LEVEL = "-Onone";
			};
			name = Debug;
		};
		7AB1AE14208E80C500CB3A76 /* Release */ = {
			isa = XCBuildConfiguration;
			buildSettings = {
				ALWAYS_SEARCH_USER_PATHS = NO;
				CLANG_ANALYZER_NONNULL = YES;
				CLANG_ANALYZER_NUMBER_OBJECT_CONVERSION = YES_AGGRESSIVE;
				CLANG_CXX_LANGUAGE_STANDARD = "gnu++14";
				CLANG_CXX_LIBRARY = "libc++";
				CLANG_ENABLE_MODULES = YES;
				CLANG_ENABLE_OBJC_ARC = YES;
				CLANG_ENABLE_OBJC_WEAK = YES;
				CLANG_WARN_BLOCK_CAPTURE_AUTORELEASING = YES;
				CLANG_WARN_BOOL_CONVERSION = YES;
				CLANG_WARN_COMMA = YES;
				CLANG_WARN_CONSTANT_CONVERSION = YES;
				CLANG_WARN_DEPRECATED_OBJC_IMPLEMENTATIONS = YES;
				CLANG_WARN_DIRECT_OBJC_ISA_USAGE = YES_ERROR;
				CLANG_WARN_DOCUMENTATION_COMMENTS = YES;
				CLANG_WARN_EMPTY_BODY = YES;
				CLANG_WARN_ENUM_CONVERSION = YES;
				CLANG_WARN_INFINITE_RECURSION = YES;
				CLANG_WARN_INT_CONVERSION = YES;
				CLANG_WARN_NON_LITERAL_NULL_CONVERSION = YES;
				CLANG_WARN_OBJC_IMPLICIT_RETAIN_SELF = YES;
				CLANG_WARN_OBJC_LITERAL_CONVERSION = YES;
				CLANG_WARN_OBJC_ROOT_CLASS = YES_ERROR;
				CLANG_WARN_RANGE_LOOP_ANALYSIS = YES;
				CLANG_WARN_STRICT_PROTOTYPES = YES;
				CLANG_WARN_SUSPICIOUS_MOVE = YES;
				CLANG_WARN_UNGUARDED_AVAILABILITY = YES_AGGRESSIVE;
				CLANG_WARN_UNREACHABLE_CODE = YES;
				CLANG_WARN__DUPLICATE_METHOD_MATCH = YES;
				CODE_SIGN_IDENTITY = "iPhone Developer";
				COPY_PHASE_STRIP = NO;
				DEBUG_INFORMATION_FORMAT = "dwarf-with-dsym";
				ENABLE_NS_ASSERTIONS = NO;
				ENABLE_STRICT_OBJC_MSGSEND = YES;
				GCC_C_LANGUAGE_STANDARD = gnu11;
				GCC_NO_COMMON_BLOCKS = YES;
				GCC_WARN_64_TO_32_BIT_CONVERSION = YES;
				GCC_WARN_ABOUT_RETURN_TYPE = YES_ERROR;
				GCC_WARN_UNDECLARED_SELECTOR = YES;
				GCC_WARN_UNINITIALIZED_AUTOS = YES_AGGRESSIVE;
				GCC_WARN_UNUSED_FUNCTION = YES;
				GCC_WARN_UNUSED_VARIABLE = YES;
				IPHONEOS_DEPLOYMENT_TARGET = 11.3;
				MTL_ENABLE_DEBUG_INFO = NO;
				SDKROOT = iphoneos;
				SWIFT_COMPILATION_MODE = wholemodule;
				SWIFT_OPTIMIZATION_LEVEL = "-O";
				VALIDATE_PRODUCT = YES;
			};
			name = Release;
		};
		7AB1AE16208E80C500CB3A76 /* Debug */ = {
			isa = XCBuildConfiguration;
			buildSettings = {
				ASSETCATALOG_COMPILER_APPICON_NAME = AppIcon;
				CODE_SIGN_STYLE = Automatic;
				DEVELOPMENT_TEAM = MD223F7P7W;
				INFOPLIST_FILE = "tables and data/Info.plist";
				LD_RUNPATH_SEARCH_PATHS = (
					"$(inherited)",
					"@executable_path/Frameworks",
				);
				PRODUCT_BUNDLE_IDENTIFIER = "robat.tables-and-data";
				PRODUCT_NAME = "$(TARGET_NAME)";
				SWIFT_VERSION = 4.0;
				TARGETED_DEVICE_FAMILY = "1,2";
			};
			name = Debug;
		};
		7AB1AE17208E80C500CB3A76 /* Release */ = {
			isa = XCBuildConfiguration;
			buildSettings = {
				ASSETCATALOG_COMPILER_APPICON_NAME = AppIcon;
				CODE_SIGN_STYLE = Automatic;
				DEVELOPMENT_TEAM = MD223F7P7W;
				INFOPLIST_FILE = "tables and data/Info.plist";
				LD_RUNPATH_SEARCH_PATHS = (
					"$(inherited)",
					"@executable_path/Frameworks",
				);
				PRODUCT_BUNDLE_IDENTIFIER = "robat.tables-and-data";
				PRODUCT_NAME = "$(TARGET_NAME)";
				SWIFT_VERSION = 4.0;
				TARGETED_DEVICE_FAMILY = "1,2";
			};
			name = Release;
		};
/* End XCBuildConfiguration section */

/* Begin XCConfigurationList section */
		7AB1ADFE208E80C200CB3A76 /* Build configuration list for PBXProject "tables and data" */ = {
			isa = XCConfigurationList;
			buildConfigurations = (
				7AB1AE13208E80C500CB3A76 /* Debug */,
				7AB1AE14208E80C500CB3A76 /* Release */,
			);
			defaultConfigurationIsVisible = 0;
			defaultConfigurationName = Release;
		};
		7AB1AE15208E80C500CB3A76 /* Build configuration list for PBXNativeTarget "tables and data" */ = {
			isa = XCConfigurationList;
			buildConfigurations = (
				7AB1AE16208E80C500CB3A76 /* Debug */,
				7AB1AE17208E80C500CB3A76 /* Release */,
			);
			defaultConfigurationIsVisible = 0;
			defaultConfigurationName = Release;
		};
/* End XCConfigurationList section */
	};
	rootObject = 7AB1ADFB208E80C200CB3A76 /* Project object */;
}
